
Microsoft Visual Studio Solution File, Format Version 12.00
# Visual Studio Version 17
VisualStudioVersion = 17.0.31903.59
MinimumVisualStudioVersion = 10.0.40219.1
Project("{2150E333-8FDC-42A3-9474-1A3956D46DE8}") = "source", "source", "{6CC62C63-E55C-4115-AC56-88A7F5DEE938}"
EndProject
Project("{FAE04EC0-301F-11D3-BF4B-00C04F79EFBC}") = "ConsoleApp1", "source\ConsoleApp1\ConsoleApp1.csproj", "{962073B9-5E61-43D1-989F-4FC8CBB5835B}"
EndProject
Global
	GlobalSection(SolutionConfigurationPlatforms) = preSolution
		Debug|Any CPU = Debug|Any CPU
		Release|Any CPU = Release|Any CPU
	EndGlobalSection
	GlobalSection(SolutionProperties) = preSolution
		HideSolutionNode = FALSE
	EndGlobalSection
	GlobalSection(ProjectConfigurationPlatforms) = postSolution
		{962073B9-5E61-43D1-989F-4FC8CBB5835B}.Debug|Any CPU.ActiveCfg = Debug|Any CPU
		{962073B9-5E61-43D1-989F-4FC8CBB5835B}.Debug|Any CPU.Build.0 = Debug|Any CPU
		{962073B9-5E61-43D1-989F-4FC8CBB5835B}.Release|Any CPU.ActiveCfg = Release|Any CPU
		{962073B9-5E61-43D1-989F-4FC8CBB5835B}.Release|Any CPU.Build.0 = Release|Any CPU
	EndGlobalSection
	GlobalSection(NestedProjects) = preSolution
		{962073B9-5E61-43D1-989F-4FC8CBB5835B} = {6CC62C63-E55C-4115-AC56-88A7F5DEE938}
	EndGlobalSection
EndGlobal
